
Microsoft Visual Studio Solution File, Format Version 12.00
# Visual Studio Version 17
VisualStudioVersion = 17.14.36414.22
MinimumVisualStudioVersion = 10.0.40219.1
Project("{FAE04EC0-301F-11D3-BF4B-00C04F79EFBC}") = "FloresDormitoryMS", "FloresDormitoryMS\FloresDormitoryMS.csproj", "{DCF3217E-B469-4094-AC9C-89E4F66FDA60}"
EndProject
Project("{FAE04EC0-301F-11D3-BF4B-00C04F79EFBC}") = "LiLo", "..\LiLo\LiLo\LiLo.csproj", "{AA3EB52F-BB87-7520-C160-D0D5F3B5EE3E}"
EndProject
Global
	GlobalSection(SolutionConfigurationPlatforms) = preSolution
		Debug|Any CPU = Debug|Any CPU
		Release|Any CPU = Release|Any CPU
	EndGlobalSection
	GlobalSection(ProjectConfigurationPlatforms) = postSolution
		{DCF3217E-B469-4094-AC9C-89E4F66FDA60}.Debug|Any CPU.ActiveCfg = Debug|Any CPU
		{DCF3217E-B469-4094-AC9C-89E4F66FDA60}.Debug|Any CPU.Build.0 = Debug|Any CPU
		{DCF3217E-B469-4094-AC9C-89E4F66FDA60}.Release|Any CPU.ActiveCfg = Release|Any CPU
		{DCF3217E-B469-4094-AC9C-89E4F66FDA60}.Release|Any CPU.Build.0 = Release|Any CPU
		{AA3EB52F-BB87-7520-C160-D0D5F3B5EE3E}.Debug|Any CPU.ActiveCfg = Debug|Any CPU
		{AA3EB52F-BB87-7520-C160-D0D5F3B5EE3E}.Debug|Any CPU.Build.0 = Debug|Any CPU
		{AA3EB52F-BB87-7520-C160-D0D5F3B5EE3E}.Release|Any CPU.ActiveCfg = Release|Any CPU
		{AA3EB52F-BB87-7520-C160-D0D5F3B5EE3E}.Release|Any CPU.Build.0 = Release|Any CPU
	EndGlobalSection
	GlobalSection(SolutionProperties) = preSolution
		HideSolutionNode = FALSE
	EndGlobalSection
	GlobalSection(ExtensibilityGlobals) = postSolution
		SolutionGuid = {A0687507-FF6E-4449-BE85-079536890388}
	EndGlobalSection
EndGlobal
