
Microsoft Visual Studio Solution File, Format Version 12.00
# Visual Studio Version 17
VisualStudioVersion = 17.14.36603.0 d17.14
MinimumVisualStudioVersion = 10.0.40219.1
Project("{FAE04EC0-301F-11D3-BF4B-00C04F79EFBC}") = "LiLo", "LiLo\LiLo.csproj", "{FA8DA148-C6E1-4653-B143-589463C1AE56}"
EndProject
Global
	GlobalSection(SolutionConfigurationPlatforms) = preSolution
		Debug|Any CPU = Debug|Any CPU
		Release|Any CPU = Release|Any CPU
	EndGlobalSection
	GlobalSection(ProjectConfigurationPlatforms) = postSolution
		{FA8DA148-C6E1-4653-B143-589463C1AE56}.Debug|Any CPU.ActiveCfg = Debug|Any CPU
		{FA8DA148-C6E1-4653-B143-589463C1AE56}.Debug|Any CPU.Build.0 = Debug|Any CPU
		{FA8DA148-C6E1-4653-B143-589463C1AE56}.Release|Any CPU.ActiveCfg = Release|Any CPU
		{FA8DA148-C6E1-4653-B143-589463C1AE56}.Release|Any CPU.Build.0 = Release|Any CPU
	EndGlobalSection
	GlobalSection(SolutionProperties) = preSolution
		HideSolutionNode = FALSE
	EndGlobalSection
	GlobalSection(ExtensibilityGlobals) = postSolution
		SolutionGuid = {E8798066-C839-476B-B0D3-0C83096FBB50}
	EndGlobalSection
EndGlobal
